Microsoft Visual Studio Solution File, Format Version 12.00
# Visual Studio 15
VisualStudioVersion = 15.0.26124.0
MinimumVisualStudioVersion = 15.0.26124.0
Project("{FAE04EC0-301F-11D3-BF4B-00C04F79EFBC}") = "BuilderPattern", "BuilderPattern\BuilderPattern.csproj", "{D1C67ECF-808A-40E8-9104-0E5A2A9B3E9B}"
EndProject
Project("{FAE04EC0-301F-11D3-BF4B-00C04F79EFBC}") = "CommandPattern", "CommandPattern\CommandPattern.csproj", "{155CB0B4-B33F-4643-BB92-C89A5E718862}"
EndProject
Project("{FAE04EC0-301F-11D3-BF4B-00C04F79EFBC}") = "CreditCard", "CreditCard\CreditCard.csproj", "{D4616E55-1EFD-44CE-9729-9206353A7E9E}"
EndProject
Project("{2150E333-8FDC-42A3-9474-1A3956D46DE8}") = "Algorithms", "Algorithms", "{B6A1F0AB-B1D8-4AA6-AF15-FE093304B428}"
EndProject
Project("{FAE04EC0-301F-11D3-BF4B-00C04F79EFBC}") = "ArrayMethod", "Algorithms\ArrayMethod\ArrayMethod.csproj", "{419AE64A-6957-4EC0-8814-A209411B307B}"
EndProject
Project("{FAE04EC0-301F-11D3-BF4B-00C04F79EFBC}") = "ArrayListMethod", "Algorithms\ArrayListMethod\ArrayListMethod.csproj", "{725D90EF-9692-415C-BD83-40BED9312B77}"
EndProject
Project("{FAE04EC0-301F-11D3-BF4B-00C04F79EFBC}") = "SortingMethod", "Algorithms\SortingMethod\SortingMethod.csproj", "{F9B1DEAA-B524-4885-8C36-EC160F9746BB}"
EndProject
Project("{FAE04EC0-301F-11D3-BF4B-00C04F79EFBC}") = "CreditCard.Test", "CreditCard.Test\CreditCard.Test.csproj", "{C29CAA7F-C880-4FDC-963B-9EDA160AF279}"
EndProject
Project("{FAE04EC0-301F-11D3-BF4B-00C04F79EFBC}") = "BuilderPattern.Test", "BuilderPattern.Test\BuilderPattern.Test.csproj", "{427B8454-3EF8-48A8-880D-6CD029514104}"
EndProject
Project("{FAE04EC0-301F-11D3-BF4B-00C04F79EFBC}") = "CommandPattern.Test", "CommandPattern.Test\CommandPattern.Test.csproj", "{40DFCA48-E51E-466D-9692-01554666B716}"
EndProject
Project("{FAE04EC0-301F-11D3-BF4B-00C04F79EFBC}") = "SystemConfigFacade", "SystemConfigFacade\SystemConfigFacade.csproj", "{ACCB12CF-C5F2-4B42-82DF-7CF497D1B6FE}"
EndProject
Project("{FAE04EC0-301F-11D3-BF4B-00C04F79EFBC}") = "SystemConfigFacade.Test", "SystemConfigFacade.Test\SystemConfigFacade.Test.csproj", "{88447A5A-F7F2-45B8-A48F-4267BEDC121B}"
EndProject
Project("{FAE04EC0-301F-11D3-BF4B-00C04F79EFBC}") = "SpiralArray", "Algorithms\SpiralArray\SpiralArray.csproj", "{2616B8FF-FD46-4D9E-BD43-82B75ADE532C}"
EndProject
Project("{2150E333-8FDC-42A3-9474-1A3956D46DE8}") = "SingletonDesignPattern", "SingletonDesignPattern", "{DB42F4A2-95E0-4023-A8B7-9BFDA7855C3D}"
EndProject
Project("{FAE04EC0-301F-11D3-BF4B-00C04F79EFBC}") = "NoThreadSafeSDP", "SingletonDesignPattern\NoThreadSafeSDP\NoThreadSafeSDP.csproj", "{CEFC20D6-94A5-4FFC-81D9-51A3BAB83305}"
EndProject
Project("{FAE04EC0-301F-11D3-BF4B-00C04F79EFBC}") = "ThreadSafetySDP", "SingletonDesignPattern\ThreadSafetySDP\ThreadSafetySDP.csproj", "{C8253639-3CFD-4D0F-B0D0-59F0FB5D96B4}"
EndProject
Project("{FAE04EC0-301F-11D3-BF4B-00C04F79EFBC}") = "ThreadSafetySDPWithDoubleCheckLocking", "SingletonDesignPattern\ThreadSafetySDPWithDoubleCheckLocking\ThreadSafetySDPWithDoubleCheckLocking.csproj", "{78A9CA91-1D31-4A33-AA81-E149118A4E9E}"
EndProject
Project("{FAE04EC0-301F-11D3-BF4B-00C04F79EFBC}") = "CalculatorUsingSingleton", "SingletonDesignPattern\CalculatorUsingSingleton\CalculatorUsingSingleton.csproj", "{2231D104-B1AF-48E8-B593-26962B907098}"
EndProject
Project("{2150E333-8FDC-42A3-9474-1A3956D46DE8}") = "SingletonDesignPattern.Test", "SingletonDesignPattern.Test", "{2CF7306D-63C5-4AEE-B965-47194E9F75F0}"
EndProject
Project("{FAE04EC0-301F-11D3-BF4B-00C04F79EFBC}") = "CalculatorUsingSingleton.Test", "SingletonDesignPattern.Test\CalculatorUsingSingleton.Test\CalculatorUsingSingleton.Test.csproj", "{5490502E-2E41-4D9B-B247-CD467742D9DA}"
EndProject
Project("{FAE04EC0-301F-11D3-BF4B-00C04F79EFBC}") = "NoThreadSafetySDP.Test", "SingletonDesignPattern.Test\NoThreadSafetySDP.Test\NoThreadSafetySDP.Test.csproj", "{74B12A35-F971-4275-8849-6F417DB31983}"
EndProject
Project("{FAE04EC0-301F-11D3-BF4B-00C04F79EFBC}") = "DecoratorPattern", "DecoratorPattern\DecoratorPattern.csproj", "{C6195CD1-30E1-436D-82B6-D18AB617CC09}"
EndProject
Project("{FAE04EC0-301F-11D3-BF4B-00C04F79EFBC}") = "DecoratorrPattern.Test", "DecoratorrPattern.Test\DecoratorrPattern.Test.csproj", "{4D20B8EA-D0C0-4873-AF21-20D52738F148}"
EndProject
Project("{FAE04EC0-301F-11D3-BF4B-00C04F79EFBC}") = "SportsShopObserverPattern", "SportsShopObserverPattern\SportsShopObserverPattern.csproj", "{4E791AA7-14C0-4487-87D8-1959F1964F67}"
EndProject
Project("{FAE04EC0-301F-11D3-BF4B-00C04F79EFBC}") = "SportsShopObserverPattern.Test", "SportsShopObserverPattern.Test\SportsShopObserverPattern.Test.csproj", "{41246DCA-2D67-47E0-A8E7-061E7FFCD13E}"
EndProject
Project("{FAE04EC0-301F-11D3-BF4B-00C04F79EFBC}") = "OnlinePaymentStrategyPattern", "OnlinePaymentStrategyPattern\OnlinePaymentStrategyPattern.csproj", "{F95D816C-6D98-4957-A5EE-EA8ED7B714E8}"
EndProject
Project("{FAE04EC0-301F-11D3-BF4B-00C04F79EFBC}") = "OnlinePaymentStrategyPattern.Test", "OnlinePaymentStrategyPattern.Test\OnlinePaymentStrategyPattern.Test.csproj", "{F19AEE86-2FA2-4879-AD97-B6289F0A2934}"
EndProject
Project("{FAE04EC0-301F-11D3-BF4B-00C04F79EFBC}") = "IceCreamShopItteratorPattern", "IceCreamShopItteratorPattern\IceCreamShopItteratorPattern.csproj", "{250B6763-C5DA-4129-A933-84E1BBE0F505}"
EndProject
Project("{FAE04EC0-301F-11D3-BF4B-00C04F79EFBC}") = "IceCreamShopItteratorPattern.Test", "IceCreamShopItteratorPattern.Test\IceCreamShopItteratorPattern.Test.csproj", "{4B280F15-1F8D-4DA6-8206-78A728DEE107}"
EndProject
Project("{FAE04EC0-301F-11D3-BF4B-00C04F79EFBC}") = "PrototypePattern", "PrototypePattern\PrototypePattern.csproj", "{E6BB7145-F492-40BC-A6DD-84C32FF56CFF}"
EndProject
Project("{FAE04EC0-301F-11D3-BF4B-00C04F79EFBC}") = "PrototypePattern.Test", "PrototypePattern.Test\PrototypePattern.Test.csproj", "{4C4A4BAD-91D3-4CD3-A42E-3792149B2ABC}"
EndProject
Project("{FAE04EC0-301F-11D3-BF4B-00C04F79EFBC}") = "AbstractDesignPattern", "AbstractDesignPattern\AbstractDesignPattern.csproj", "{56123B1E-16E6-4436-A27E-456C6BB46055}"
EndProject
Project("{FAE04EC0-301F-11D3-BF4B-00C04F79EFBC}") = "AbstractDesignPattern.Test", "AbstractDesignPattern.Test\AbstractDesignPattern.Test.csproj", "{A6DD7A8D-0712-44A3-A5E0-E778A8702C64}"
EndProject
Project("{FAE04EC0-301F-11D3-BF4B-00C04F79EFBC}") = "ProxyDesignPattern", "ProxyDesignPattern\ProxyDesignPattern.csproj", "{43FE241F-D96C-4CBB-8831-8290BB257B6C}"
EndProject
Project("{FAE04EC0-301F-11D3-BF4B-00C04F79EFBC}") = "ProxyDesignPattern.Test", "ProxyDesignPattern.Test\ProxyDesignPattern.Test.csproj", "{2BCD3DFA-3B6C-4FD2-B848-3C867103ECF7}"
EndProject
Project("{FAE04EC0-301F-11D3-BF4B-00C04F79EFBC}") = "AdapterDesignPatttern", "AdapterDesignPatttern\AdapterDesignPatttern.csproj", "{69EEE18E-D4C3-43AC-BC80-7ADCDD9B7B5E}"
EndProject
Project("{FAE04EC0-301F-11D3-BF4B-00C04F79EFBC}") = "DependencyInjection", "DependencyInjection\DependencyInjection.csproj", "{ED28BB56-490D-4347-B840-434E02913529}"
EndProject
Project("{FAE04EC0-301F-11D3-BF4B-00C04F79EFBC}") = "WebApiDemo", "WebApiDemo\WebApiDemo.csproj", "{8821B627-46C9-4A1A-8BBD-F519CFE8FB78}"
EndProject
Project("{2150E333-8FDC-42A3-9474-1A3956D46DE8}") = "AbstractionDemo", "AbstractionDemo", "{95979160-503C-414E-9929-3603716AB3E4}"
EndProject
Project("{2150E333-8FDC-42A3-9474-1A3956D46DE8}") = "AbstractionDemo1", "AbstractionDemo1", "{659027D3-044D-4BD9-B75C-67D7947E3E57}"
EndProject
Project("{FAE04EC0-301F-11D3-BF4B-00C04F79EFBC}") = "Before", "AbstractionDemo\AbstractionDemo1\Before\Before.csproj", "{5A55A8BE-5D7E-4A9D-B28A-C0602A7C593E}"
EndProject
Project("{FAE04EC0-301F-11D3-BF4B-00C04F79EFBC}") = "After", "AbstractionDemo\AbstractionDemo1\After\After.csproj", "{E5838AE2-0FA6-4040-A748-B2095EC8D047}"
EndProject
Project("{FAE04EC0-301F-11D3-BF4B-00C04F79EFBC}") = "AbstractionDemo2", "AbstractionDemo\AbstractionDemo2\AbstractionDemo2.csproj", "{4B8CB7C2-2384-4872-9818-22B58B9A942D}"
EndProject
Project("{2150E333-8FDC-42A3-9474-1A3956D46DE8}") = "Assignmentc#", "Assignmentc#", "{5B52A31C-4DF1-4ACA-BB6F-D14B1139496A}"
EndProject
Project("{FAE04EC0-301F-11D3-BF4B-00C04F79EFBC}") = "PhotoAlbum", "Assignmentc#\PhotoAlbum\PhotoAlbum.csproj", "{15B2B146-82AD-4BFD-B269-649A4798271D}"
EndProject
Project("{FAE04EC0-301F-11D3-BF4B-00C04F79EFBC}") = "RectangleSquare", "Assignmentc#\RectangleSquare\RectangleSquare.csproj", "{9CD32DB4-323E-4751-835A-F7E49FEE4751}"
EndProject
Project("{FAE04EC0-301F-11D3-BF4B-00C04F79EFBC}") = "Square", "Assignmentc#\Square\Square.csproj", "{7D8B65A2-7951-4C3A-8570-A7272881DDF7}"
EndProject
Project("{FAE04EC0-301F-11D3-BF4B-00C04F79EFBC}") = "TeacherStudent", "Assignmentc#\TeacherStudent\TeacherStudent.csproj", "{0D46F747-BC1A-4A3C-997D-02CEEB7D9125}"
EndProject
Project("{FAE04EC0-301F-11D3-BF4B-00C04F79EFBC}") = "Vehicle", "Assignmentc#\Vehicle\Vehicle.csproj", "{DFB1C3CD-A32B-486C-94C0-D5AE3D8ACBAF}"
EndProject
Global
	GlobalSection(SolutionConfigurationPlatforms) = preSolution
		Debug|Any CPU = Debug|Any CPU
		Debug|x64 = Debug|x64
		Debug|x86 = Debug|x86
		Release|Any CPU = Release|Any CPU
		Release|x64 = Release|x64
		Release|x86 = Release|x86
	EndGlobalSection
	GlobalSection(SolutionProperties) = preSolution
		HideSolutionNode = FALSE
	EndGlobalSection
	GlobalSection(ProjectConfigurationPlatforms) = postSolution
		{D1C67ECF-808A-40E8-9104-0E5A2A9B3E9B}.Debug|Any CPU.ActiveCfg = Debug|Any CPU
		{D1C67ECF-808A-40E8-9104-0E5A2A9B3E9B}.Debug|Any CPU.Build.0 = Debug|Any CPU
		{D1C67ECF-808A-40E8-9104-0E5A2A9B3E9B}.Debug|x64.ActiveCfg = Debug|Any CPU
		{D1C67ECF-808A-40E8-9104-0E5A2A9B3E9B}.Debug|x64.Build.0 = Debug|Any CPU
		{D1C67ECF-808A-40E8-9104-0E5A2A9B3E9B}.Debug|x86.ActiveCfg = Debug|Any CPU
		{D1C67ECF-808A-40E8-9104-0E5A2A9B3E9B}.Debug|x86.Build.0 = Debug|Any CPU
		{D1C67ECF-808A-40E8-9104-0E5A2A9B3E9B}.Release|Any CPU.ActiveCfg = Release|Any CPU
		{D1C67ECF-808A-40E8-9104-0E5A2A9B3E9B}.Release|Any CPU.Build.0 = Release|Any CPU
		{D1C67ECF-808A-40E8-9104-0E5A2A9B3E9B}.Release|x64.ActiveCfg = Release|Any CPU
		{D1C67ECF-808A-40E8-9104-0E5A2A9B3E9B}.Release|x64.Build.0 = Release|Any CPU
		{D1C67ECF-808A-40E8-9104-0E5A2A9B3E9B}.Release|x86.ActiveCfg = Release|Any CPU
		{D1C67ECF-808A-40E8-9104-0E5A2A9B3E9B}.Release|x86.Build.0 = Release|Any CPU
		{155CB0B4-B33F-4643-BB92-C89A5E718862}.Debug|Any CPU.ActiveCfg = Debug|Any CPU
		{155CB0B4-B33F-4643-BB92-C89A5E718862}.Debug|Any CPU.Build.0 = Debug|Any CPU
		{155CB0B4-B33F-4643-BB92-C89A5E718862}.Debug|x64.ActiveCfg = Debug|Any CPU
		{155CB0B4-B33F-4643-BB92-C89A5E718862}.Debug|x64.Build.0 = Debug|Any CPU
		{155CB0B4-B33F-4643-BB92-C89A5E718862}.Debug|x86.ActiveCfg = Debug|Any CPU
		{155CB0B4-B33F-4643-BB92-C89A5E718862}.Debug|x86.Build.0 = Debug|Any CPU
		{155CB0B4-B33F-4643-BB92-C89A5E718862}.Release|Any CPU.ActiveCfg = Release|Any CPU
		{155CB0B4-B33F-4643-BB92-C89A5E718862}.Release|Any CPU.Build.0 = Release|Any CPU
		{155CB0B4-B33F-4643-BB92-C89A5E718862}.Release|x64.ActiveCfg = Release|Any CPU
		{155CB0B4-B33F-4643-BB92-C89A5E718862}.Release|x64.Build.0 = Release|Any CPU
		{155CB0B4-B33F-4643-BB92-C89A5E718862}.Release|x86.ActiveCfg = Release|Any CPU
		{155CB0B4-B33F-4643-BB92-C89A5E718862}.Release|x86.Build.0 = Release|Any CPU
		{D4616E55-1EFD-44CE-9729-9206353A7E9E}.Debug|Any CPU.ActiveCfg = Debug|Any CPU
		{D4616E55-1EFD-44CE-9729-9206353A7E9E}.Debug|Any CPU.Build.0 = Debug|Any CPU
		{D4616E55-1EFD-44CE-9729-9206353A7E9E}.Debug|x64.ActiveCfg = Debug|Any CPU
		{D4616E55-1EFD-44CE-9729-9206353A7E9E}.Debug|x64.Build.0 = Debug|Any CPU
		{D4616E55-1EFD-44CE-9729-9206353A7E9E}.Debug|x86.ActiveCfg = Debug|Any CPU
		{D4616E55-1EFD-44CE-9729-9206353A7E9E}.Debug|x86.Build.0 = Debug|Any CPU
		{D4616E55-1EFD-44CE-9729-9206353A7E9E}.Release|Any CPU.ActiveCfg = Release|Any CPU
		{D4616E55-1EFD-44CE-9729-9206353A7E9E}.Release|Any CPU.Build.0 = Release|Any CPU
		{D4616E55-1EFD-44CE-9729-9206353A7E9E}.Release|x64.ActiveCfg = Release|Any CPU
		{D4616E55-1EFD-44CE-9729-9206353A7E9E}.Release|x64.Build.0 = Release|Any CPU
		{D4616E55-1EFD-44CE-9729-9206353A7E9E}.Release|x86.ActiveCfg = Release|Any CPU
		{D4616E55-1EFD-44CE-9729-9206353A7E9E}.Release|x86.Build.0 = Release|Any CPU
		{419AE64A-6957-4EC0-8814-A209411B307B}.Debug|Any CPU.ActiveCfg = Debug|Any CPU
		{419AE64A-6957-4EC0-8814-A209411B307B}.Debug|Any CPU.Build.0 = Debug|Any CPU
		{419AE64A-6957-4EC0-8814-A209411B307B}.Debug|x64.ActiveCfg = Debug|Any CPU
		{419AE64A-6957-4EC0-8814-A209411B307B}.Debug|x64.Build.0 = Debug|Any CPU
		{419AE64A-6957-4EC0-8814-A209411B307B}.Debug|x86.ActiveCfg = Debug|Any CPU
		{419AE64A-6957-4EC0-8814-A209411B307B}.Debug|x86.Build.0 = Debug|Any CPU
		{419AE64A-6957-4EC0-8814-A209411B307B}.Release|Any CPU.ActiveCfg = Release|Any CPU
		{419AE64A-6957-4EC0-8814-A209411B307B}.Release|Any CPU.Build.0 = Release|Any CPU
		{419AE64A-6957-4EC0-8814-A209411B307B}.Release|x64.ActiveCfg = Release|Any CPU
		{419AE64A-6957-4EC0-8814-A209411B307B}.Release|x64.Build.0 = Release|Any CPU
		{419AE64A-6957-4EC0-8814-A209411B307B}.Release|x86.ActiveCfg = Release|Any CPU
		{419AE64A-6957-4EC0-8814-A209411B307B}.Release|x86.Build.0 = Release|Any CPU
		{725D90EF-9692-415C-BD83-40BED9312B77}.Debug|Any CPU.ActiveCfg = Debug|Any CPU
		{725D90EF-9692-415C-BD83-40BED9312B77}.Debug|Any CPU.Build.0 = Debug|Any CPU
		{725D90EF-9692-415C-BD83-40BED9312B77}.Debug|x64.ActiveCfg = Debug|Any CPU
		{725D90EF-9692-415C-BD83-40BED9312B77}.Debug|x64.Build.0 = Debug|Any CPU
		{725D90EF-9692-415C-BD83-40BED9312B77}.Debug|x86.ActiveCfg = Debug|Any CPU
		{725D90EF-9692-415C-BD83-40BED9312B77}.Debug|x86.Build.0 = Debug|Any CPU
		{725D90EF-9692-415C-BD83-40BED9312B77}.Release|Any CPU.ActiveCfg = Release|Any CPU
		{725D90EF-9692-415C-BD83-40BED9312B77}.Release|Any CPU.Build.0 = Release|Any CPU
		{725D90EF-9692-415C-BD83-40BED9312B77}.Release|x64.ActiveCfg = Release|Any CPU
		{725D90EF-9692-415C-BD83-40BED9312B77}.Release|x64.Build.0 = Release|Any CPU
		{725D90EF-9692-415C-BD83-40BED9312B77}.Release|x86.ActiveCfg = Release|Any CPU
		{725D90EF-9692-415C-BD83-40BED9312B77}.Release|x86.Build.0 = Release|Any CPU
		{F9B1DEAA-B524-4885-8C36-EC160F9746BB}.Debug|Any CPU.ActiveCfg = Debug|Any CPU
		{F9B1DEAA-B524-4885-8C36-EC160F9746BB}.Debug|Any CPU.Build.0 = Debug|Any CPU
		{F9B1DEAA-B524-4885-8C36-EC160F9746BB}.Debug|x64.ActiveCfg = Debug|Any CPU
		{F9B1DEAA-B524-4885-8C36-EC160F9746BB}.Debug|x64.Build.0 = Debug|Any CPU
		{F9B1DEAA-B524-4885-8C36-EC160F9746BB}.Debug|x86.ActiveCfg = Debug|Any CPU
		{F9B1DEAA-B524-4885-8C36-EC160F9746BB}.Debug|x86.Build.0 = Debug|Any CPU
		{F9B1DEAA-B524-4885-8C36-EC160F9746BB}.Release|Any CPU.ActiveCfg = Release|Any CPU
		{F9B1DEAA-B524-4885-8C36-EC160F9746BB}.Release|Any CPU.Build.0 = Release|Any CPU
		{F9B1DEAA-B524-4885-8C36-EC160F9746BB}.Release|x64.ActiveCfg = Release|Any CPU
		{F9B1DEAA-B524-4885-8C36-EC160F9746BB}.Release|x64.Build.0 = Release|Any CPU
		{F9B1DEAA-B524-4885-8C36-EC160F9746BB}.Release|x86.ActiveCfg = Release|Any CPU
		{F9B1DEAA-B524-4885-8C36-EC160F9746BB}.Release|x86.Build.0 = Release|Any CPU
		{C29CAA7F-C880-4FDC-963B-9EDA160AF279}.Debug|Any CPU.ActiveCfg = Debug|Any CPU
		{C29CAA7F-C880-4FDC-963B-9EDA160AF279}.Debug|Any CPU.Build.0 = Debug|Any CPU
		{C29CAA7F-C880-4FDC-963B-9EDA160AF279}.Debug|x64.ActiveCfg = Debug|Any CPU
		{C29CAA7F-C880-4FDC-963B-9EDA160AF279}.Debug|x64.Build.0 = Debug|Any CPU
		{C29CAA7F-C880-4FDC-963B-9EDA160AF279}.Debug|x86.ActiveCfg = Debug|Any CPU
		{C29CAA7F-C880-4FDC-963B-9EDA160AF279}.Debug|x86.Build.0 = Debug|Any CPU
		{C29CAA7F-C880-4FDC-963B-9EDA160AF279}.Release|Any CPU.ActiveCfg = Release|Any CPU
		{C29CAA7F-C880-4FDC-963B-9EDA160AF279}.Release|Any CPU.Build.0 = Release|Any CPU
		{C29CAA7F-C880-4FDC-963B-9EDA160AF279}.Release|x64.ActiveCfg = Release|Any CPU
		{C29CAA7F-C880-4FDC-963B-9EDA160AF279}.Release|x64.Build.0 = Release|Any CPU
		{C29CAA7F-C880-4FDC-963B-9EDA160AF279}.Release|x86.ActiveCfg = Release|Any CPU
		{C29CAA7F-C880-4FDC-963B-9EDA160AF279}.Release|x86.Build.0 = Release|Any CPU
		{427B8454-3EF8-48A8-880D-6CD029514104}.Debug|Any CPU.ActiveCfg = Debug|Any CPU
		{427B8454-3EF8-48A8-880D-6CD029514104}.Debug|Any CPU.Build.0 = Debug|Any CPU
		{427B8454-3EF8-48A8-880D-6CD029514104}.Debug|x64.ActiveCfg = Debug|Any CPU
		{427B8454-3EF8-48A8-880D-6CD029514104}.Debug|x64.Build.0 = Debug|Any CPU
		{427B8454-3EF8-48A8-880D-6CD029514104}.Debug|x86.ActiveCfg = Debug|Any CPU
		{427B8454-3EF8-48A8-880D-6CD029514104}.Debug|x86.Build.0 = Debug|Any CPU
		{427B8454-3EF8-48A8-880D-6CD029514104}.Release|Any CPU.ActiveCfg = Release|Any CPU
		{427B8454-3EF8-48A8-880D-6CD029514104}.Release|Any CPU.Build.0 = Release|Any CPU
		{427B8454-3EF8-48A8-880D-6CD029514104}.Release|x64.ActiveCfg = Release|Any CPU
		{427B8454-3EF8-48A8-880D-6CD029514104}.Release|x64.Build.0 = Release|Any CPU
		{427B8454-3EF8-48A8-880D-6CD029514104}.Release|x86.ActiveCfg = Release|Any CPU
		{427B8454-3EF8-48A8-880D-6CD029514104}.Release|x86.Build.0 = Release|Any CPU
		{40DFCA48-E51E-466D-9692-01554666B716}.Debug|Any CPU.ActiveCfg = Debug|Any CPU
		{40DFCA48-E51E-466D-9692-01554666B716}.Debug|Any CPU.Build.0 = Debug|Any CPU
		{40DFCA48-E51E-466D-9692-01554666B716}.Debug|x64.ActiveCfg = Debug|Any CPU
		{40DFCA48-E51E-466D-9692-01554666B716}.Debug|x64.Build.0 = Debug|Any CPU
		{40DFCA48-E51E-466D-9692-01554666B716}.Debug|x86.ActiveCfg = Debug|Any CPU
		{40DFCA48-E51E-466D-9692-01554666B716}.Debug|x86.Build.0 = Debug|Any CPU
		{40DFCA48-E51E-466D-9692-01554666B716}.Release|Any CPU.ActiveCfg = Release|Any CPU
		{40DFCA48-E51E-466D-9692-01554666B716}.Release|Any CPU.Build.0 = Release|Any CPU
		{40DFCA48-E51E-466D-9692-01554666B716}.Release|x64.ActiveCfg = Release|Any CPU
		{40DFCA48-E51E-466D-9692-01554666B716}.Release|x64.Build.0 = Release|Any CPU
		{40DFCA48-E51E-466D-9692-01554666B716}.Release|x86.ActiveCfg = Release|Any CPU
		{40DFCA48-E51E-466D-9692-01554666B716}.Release|x86.Build.0 = Release|Any CPU
		{ACCB12CF-C5F2-4B42-82DF-7CF497D1B6FE}.Debug|Any CPU.ActiveCfg = Debug|Any CPU
		{ACCB12CF-C5F2-4B42-82DF-7CF497D1B6FE}.Debug|Any CPU.Build.0 = Debug|Any CPU
		{ACCB12CF-C5F2-4B42-82DF-7CF497D1B6FE}.Debug|x64.ActiveCfg = Debug|Any CPU
		{ACCB12CF-C5F2-4B42-82DF-7CF497D1B6FE}.Debug|x64.Build.0 = Debug|Any CPU
		{ACCB12CF-C5F2-4B42-82DF-7CF497D1B6FE}.Debug|x86.ActiveCfg = Debug|Any CPU
		{ACCB12CF-C5F2-4B42-82DF-7CF497D1B6FE}.Debug|x86.Build.0 = Debug|Any CPU
		{ACCB12CF-C5F2-4B42-82DF-7CF497D1B6FE}.Release|Any CPU.ActiveCfg = Release|Any CPU
		{ACCB12CF-C5F2-4B42-82DF-7CF497D1B6FE}.Release|Any CPU.Build.0 = Release|Any CPU
		{ACCB12CF-C5F2-4B42-82DF-7CF497D1B6FE}.Release|x64.ActiveCfg = Release|Any CPU
		{ACCB12CF-C5F2-4B42-82DF-7CF497D1B6FE}.Release|x64.Build.0 = Release|Any CPU
		{ACCB12CF-C5F2-4B42-82DF-7CF497D1B6FE}.Release|x86.ActiveCfg = Release|Any CPU
		{ACCB12CF-C5F2-4B42-82DF-7CF497D1B6FE}.Release|x86.Build.0 = Release|Any CPU
		{88447A5A-F7F2-45B8-A48F-4267BEDC121B}.Debug|Any CPU.ActiveCfg = Debug|Any CPU
		{88447A5A-F7F2-45B8-A48F-4267BEDC121B}.Debug|Any CPU.Build.0 = Debug|Any CPU
		{88447A5A-F7F2-45B8-A48F-4267BEDC121B}.Debug|x64.ActiveCfg = Debug|Any CPU
		{88447A5A-F7F2-45B8-A48F-4267BEDC121B}.Debug|x64.Build.0 = Debug|Any CPU
		{88447A5A-F7F2-45B8-A48F-4267BEDC121B}.Debug|x86.ActiveCfg = Debug|Any CPU
		{88447A5A-F7F2-45B8-A48F-4267BEDC121B}.Debug|x86.Build.0 = Debug|Any CPU
		{88447A5A-F7F2-45B8-A48F-4267BEDC121B}.Release|Any CPU.ActiveCfg = Release|Any CPU
		{88447A5A-F7F2-45B8-A48F-4267BEDC121B}.Release|Any CPU.Build.0 = Release|Any CPU
		{88447A5A-F7F2-45B8-A48F-4267BEDC121B}.Release|x64.ActiveCfg = Release|Any CPU
		{88447A5A-F7F2-45B8-A48F-4267BEDC121B}.Release|x64.Build.0 = Release|Any CPU
		{88447A5A-F7F2-45B8-A48F-4267BEDC121B}.Release|x86.ActiveCfg = Release|Any CPU
		{88447A5A-F7F2-45B8-A48F-4267BEDC121B}.Release|x86.Build.0 = Release|Any CPU
		{2616B8FF-FD46-4D9E-BD43-82B75ADE532C}.Debug|Any CPU.ActiveCfg = Debug|Any CPU
		{2616B8FF-FD46-4D9E-BD43-82B75ADE532C}.Debug|Any CPU.Build.0 = Debug|Any CPU
		{2616B8FF-FD46-4D9E-BD43-82B75ADE532C}.Debug|x64.ActiveCfg = Debug|Any CPU
		{2616B8FF-FD46-4D9E-BD43-82B75ADE532C}.Debug|x64.Build.0 = Debug|Any CPU
		{2616B8FF-FD46-4D9E-BD43-82B75ADE532C}.Debug|x86.ActiveCfg = Debug|Any CPU
		{2616B8FF-FD46-4D9E-BD43-82B75ADE532C}.Debug|x86.Build.0 = Debug|Any CPU
		{2616B8FF-FD46-4D9E-BD43-82B75ADE532C}.Release|Any CPU.ActiveCfg = Release|Any CPU
		{2616B8FF-FD46-4D9E-BD43-82B75ADE532C}.Release|Any CPU.Build.0 = Release|Any CPU
		{2616B8FF-FD46-4D9E-BD43-82B75ADE532C}.Release|x64.ActiveCfg = Release|Any CPU
		{2616B8FF-FD46-4D9E-BD43-82B75ADE532C}.Release|x64.Build.0 = Release|Any CPU
		{2616B8FF-FD46-4D9E-BD43-82B75ADE532C}.Release|x86.ActiveCfg = Release|Any CPU
		{2616B8FF-FD46-4D9E-BD43-82B75ADE532C}.Release|x86.Build.0 = Release|Any CPU
		{CEFC20D6-94A5-4FFC-81D9-51A3BAB83305}.Debug|Any CPU.ActiveCfg = Debug|Any CPU
		{CEFC20D6-94A5-4FFC-81D9-51A3BAB83305}.Debug|Any CPU.Build.0 = Debug|Any CPU
		{CEFC20D6-94A5-4FFC-81D9-51A3BAB83305}.Debug|x64.ActiveCfg = Debug|Any CPU
		{CEFC20D6-94A5-4FFC-81D9-51A3BAB83305}.Debug|x64.Build.0 = Debug|Any CPU
		{CEFC20D6-94A5-4FFC-81D9-51A3BAB83305}.Debug|x86.ActiveCfg = Debug|Any CPU
		{CEFC20D6-94A5-4FFC-81D9-51A3BAB83305}.Debug|x86.Build.0 = Debug|Any CPU
		{CEFC20D6-94A5-4FFC-81D9-51A3BAB83305}.Release|Any CPU.ActiveCfg = Release|Any CPU
		{CEFC20D6-94A5-4FFC-81D9-51A3BAB83305}.Release|Any CPU.Build.0 = Release|Any CPU
		{CEFC20D6-94A5-4FFC-81D9-51A3BAB83305}.Release|x64.ActiveCfg = Release|Any CPU
		{CEFC20D6-94A5-4FFC-81D9-51A3BAB83305}.Release|x64.Build.0 = Release|Any CPU
		{CEFC20D6-94A5-4FFC-81D9-51A3BAB83305}.Release|x86.ActiveCfg = Release|Any CPU
		{CEFC20D6-94A5-4FFC-81D9-51A3BAB83305}.Release|x86.Build.0 = Release|Any CPU
		{C8253639-3CFD-4D0F-B0D0-59F0FB5D96B4}.Debug|Any CPU.ActiveCfg = Debug|Any CPU
		{C8253639-3CFD-4D0F-B0D0-59F0FB5D96B4}.Debug|Any CPU.Build.0 = Debug|Any CPU
		{C8253639-3CFD-4D0F-B0D0-59F0FB5D96B4}.Debug|x64.ActiveCfg = Debug|Any CPU
		{C8253639-3CFD-4D0F-B0D0-59F0FB5D96B4}.Debug|x64.Build.0 = Debug|Any CPU
		{C8253639-3CFD-4D0F-B0D0-59F0FB5D96B4}.Debug|x86.ActiveCfg = Debug|Any CPU
		{C8253639-3CFD-4D0F-B0D0-59F0FB5D96B4}.Debug|x86.Build.0 = Debug|Any CPU
		{C8253639-3CFD-4D0F-B0D0-59F0FB5D96B4}.Release|Any CPU.ActiveCfg = Release|Any CPU
		{C8253639-3CFD-4D0F-B0D0-59F0FB5D96B4}.Release|Any CPU.Build.0 = Release|Any CPU
		{C8253639-3CFD-4D0F-B0D0-59F0FB5D96B4}.Release|x64.ActiveCfg = Release|Any CPU
		{C8253639-3CFD-4D0F-B0D0-59F0FB5D96B4}.Release|x64.Build.0 = Release|Any CPU
		{C8253639-3CFD-4D0F-B0D0-59F0FB5D96B4}.Release|x86.ActiveCfg = Release|Any CPU
		{C8253639-3CFD-4D0F-B0D0-59F0FB5D96B4}.Release|x86.Build.0 = Release|Any CPU
		{78A9CA91-1D31-4A33-AA81-E149118A4E9E}.Debug|Any CPU.ActiveCfg = Debug|Any CPU
		{78A9CA91-1D31-4A33-AA81-E149118A4E9E}.Debug|Any CPU.Build.0 = Debug|Any CPU
		{78A9CA91-1D31-4A33-AA81-E149118A4E9E}.Debug|x64.ActiveCfg = Debug|Any CPU
		{78A9CA91-1D31-4A33-AA81-E149118A4E9E}.Debug|x64.Build.0 = Debug|Any CPU
		{78A9CA91-1D31-4A33-AA81-E149118A4E9E}.Debug|x86.ActiveCfg = Debug|Any CPU
		{78A9CA91-1D31-4A33-AA81-E149118A4E9E}.Debug|x86.Build.0 = Debug|Any CPU
		{78A9CA91-1D31-4A33-AA81-E149118A4E9E}.Release|Any CPU.ActiveCfg = Release|Any CPU
		{78A9CA91-1D31-4A33-AA81-E149118A4E9E}.Release|Any CPU.Build.0 = Release|Any CPU
		{78A9CA91-1D31-4A33-AA81-E149118A4E9E}.Release|x64.ActiveCfg = Release|Any CPU
		{78A9CA91-1D31-4A33-AA81-E149118A4E9E}.Release|x64.Build.0 = Release|Any CPU
		{78A9CA91-1D31-4A33-AA81-E149118A4E9E}.Release|x86.ActiveCfg = Release|Any CPU
		{78A9CA91-1D31-4A33-AA81-E149118A4E9E}.Release|x86.Build.0 = Release|Any CPU
		{2231D104-B1AF-48E8-B593-26962B907098}.Debug|Any CPU.ActiveCfg = Debug|Any CPU
		{2231D104-B1AF-48E8-B593-26962B907098}.Debug|Any CPU.Build.0 = Debug|Any CPU
		{2231D104-B1AF-48E8-B593-26962B907098}.Debug|x64.ActiveCfg = Debug|Any CPU
		{2231D104-B1AF-48E8-B593-26962B907098}.Debug|x64.Build.0 = Debug|Any CPU
		{2231D104-B1AF-48E8-B593-26962B907098}.Debug|x86.ActiveCfg = Debug|Any CPU
		{2231D104-B1AF-48E8-B593-26962B907098}.Debug|x86.Build.0 = Debug|Any CPU
		{2231D104-B1AF-48E8-B593-26962B907098}.Release|Any CPU.ActiveCfg = Release|Any CPU
		{2231D104-B1AF-48E8-B593-26962B907098}.Release|Any CPU.Build.0 = Release|Any CPU
		{2231D104-B1AF-48E8-B593-26962B907098}.Release|x64.ActiveCfg = Release|Any CPU
		{2231D104-B1AF-48E8-B593-26962B907098}.Release|x64.Build.0 = Release|Any CPU
		{2231D104-B1AF-48E8-B593-26962B907098}.Release|x86.ActiveCfg = Release|Any CPU
		{2231D104-B1AF-48E8-B593-26962B907098}.Release|x86.Build.0 = Release|Any CPU
		{5490502E-2E41-4D9B-B247-CD467742D9DA}.Debug|Any CPU.ActiveCfg = Debug|Any CPU
		{5490502E-2E41-4D9B-B247-CD467742D9DA}.Debug|Any CPU.Build.0 = Debug|Any CPU
		{5490502E-2E41-4D9B-B247-CD467742D9DA}.Debug|x64.ActiveCfg = Debug|Any CPU
		{5490502E-2E41-4D9B-B247-CD467742D9DA}.Debug|x64.Build.0 = Debug|Any CPU
		{5490502E-2E41-4D9B-B247-CD467742D9DA}.Debug|x86.ActiveCfg = Debug|Any CPU
		{5490502E-2E41-4D9B-B247-CD467742D9DA}.Debug|x86.Build.0 = Debug|Any CPU
		{5490502E-2E41-4D9B-B247-CD467742D9DA}.Release|Any CPU.ActiveCfg = Release|Any CPU
		{5490502E-2E41-4D9B-B247-CD467742D9DA}.Release|Any CPU.Build.0 = Release|Any CPU
		{5490502E-2E41-4D9B-B247-CD467742D9DA}.Release|x64.ActiveCfg = Release|Any CPU
		{5490502E-2E41-4D9B-B247-CD467742D9DA}.Release|x64.Build.0 = Release|Any CPU
		{5490502E-2E41-4D9B-B247-CD467742D9DA}.Release|x86.ActiveCfg = Release|Any CPU
		{5490502E-2E41-4D9B-B247-CD467742D9DA}.Release|x86.Build.0 = Release|Any CPU
		{74B12A35-F971-4275-8849-6F417DB31983}.Debug|Any CPU.ActiveCfg = Debug|Any CPU
		{74B12A35-F971-4275-8849-6F417DB31983}.Debug|Any CPU.Build.0 = Debug|Any CPU
		{74B12A35-F971-4275-8849-6F417DB31983}.Debug|x64.ActiveCfg = Debug|Any CPU
		{74B12A35-F971-4275-8849-6F417DB31983}.Debug|x64.Build.0 = Debug|Any CPU
		{74B12A35-F971-4275-8849-6F417DB31983}.Debug|x86.ActiveCfg = Debug|Any CPU
		{74B12A35-F971-4275-8849-6F417DB31983}.Debug|x86.Build.0 = Debug|Any CPU
		{74B12A35-F971-4275-8849-6F417DB31983}.Release|Any CPU.ActiveCfg = Release|Any CPU
		{74B12A35-F971-4275-8849-6F417DB31983}.Release|Any CPU.Build.0 = Release|Any CPU
		{74B12A35-F971-4275-8849-6F417DB31983}.Release|x64.ActiveCfg = Release|Any CPU
		{74B12A35-F971-4275-8849-6F417DB31983}.Release|x64.Build.0 = Release|Any CPU
		{74B12A35-F971-4275-8849-6F417DB31983}.Release|x86.ActiveCfg = Release|Any CPU
		{74B12A35-F971-4275-8849-6F417DB31983}.Release|x86.Build.0 = Release|Any CPU
		{C6195CD1-30E1-436D-82B6-D18AB617CC09}.Debug|Any CPU.ActiveCfg = Debug|Any CPU
		{C6195CD1-30E1-436D-82B6-D18AB617CC09}.Debug|Any CPU.Build.0 = Debug|Any CPU
		{C6195CD1-30E1-436D-82B6-D18AB617CC09}.Debug|x64.ActiveCfg = Debug|Any CPU
		{C6195CD1-30E1-436D-82B6-D18AB617CC09}.Debug|x64.Build.0 = Debug|Any CPU
		{C6195CD1-30E1-436D-82B6-D18AB617CC09}.Debug|x86.ActiveCfg = Debug|Any CPU
		{C6195CD1-30E1-436D-82B6-D18AB617CC09}.Debug|x86.Build.0 = Debug|Any CPU
		{C6195CD1-30E1-436D-82B6-D18AB617CC09}.Release|Any CPU.ActiveCfg = Release|Any CPU
		{C6195CD1-30E1-436D-82B6-D18AB617CC09}.Release|Any CPU.Build.0 = Release|Any CPU
		{C6195CD1-30E1-436D-82B6-D18AB617CC09}.Release|x64.ActiveCfg = Release|Any CPU
		{C6195CD1-30E1-436D-82B6-D18AB617CC09}.Release|x64.Build.0 = Release|Any CPU
		{C6195CD1-30E1-436D-82B6-D18AB617CC09}.Release|x86.ActiveCfg = Release|Any CPU
		{C6195CD1-30E1-436D-82B6-D18AB617CC09}.Release|x86.Build.0 = Release|Any CPU
		{4D20B8EA-D0C0-4873-AF21-20D52738F148}.Debug|Any CPU.ActiveCfg = Debug|Any CPU
		{4D20B8EA-D0C0-4873-AF21-20D52738F148}.Debug|Any CPU.Build.0 = Debug|Any CPU
		{4D20B8EA-D0C0-4873-AF21-20D52738F148}.Debug|x64.ActiveCfg = Debug|Any CPU
		{4D20B8EA-D0C0-4873-AF21-20D52738F148}.Debug|x64.Build.0 = Debug|Any CPU
		{4D20B8EA-D0C0-4873-AF21-20D52738F148}.Debug|x86.ActiveCfg = Debug|Any CPU
		{4D20B8EA-D0C0-4873-AF21-20D52738F148}.Debug|x86.Build.0 = Debug|Any CPU
		{4D20B8EA-D0C0-4873-AF21-20D52738F148}.Release|Any CPU.ActiveCfg = Release|Any CPU
		{4D20B8EA-D0C0-4873-AF21-20D52738F148}.Release|Any CPU.Build.0 = Release|Any CPU
		{4D20B8EA-D0C0-4873-AF21-20D52738F148}.Release|x64.ActiveCfg = Release|Any CPU
		{4D20B8EA-D0C0-4873-AF21-20D52738F148}.Release|x64.Build.0 = Release|Any CPU
		{4D20B8EA-D0C0-4873-AF21-20D52738F148}.Release|x86.ActiveCfg = Release|Any CPU
		{4D20B8EA-D0C0-4873-AF21-20D52738F148}.Release|x86.Build.0 = Release|Any CPU
		{4E791AA7-14C0-4487-87D8-1959F1964F67}.Debug|Any CPU.ActiveCfg = Debug|Any CPU
		{4E791AA7-14C0-4487-87D8-1959F1964F67}.Debug|Any CPU.Build.0 = Debug|Any CPU
		{4E791AA7-14C0-4487-87D8-1959F1964F67}.Debug|x64.ActiveCfg = Debug|Any CPU
		{4E791AA7-14C0-4487-87D8-1959F1964F67}.Debug|x64.Build.0 = Debug|Any CPU
		{4E791AA7-14C0-4487-87D8-1959F1964F67}.Debug|x86.ActiveCfg = Debug|Any CPU
		{4E791AA7-14C0-4487-87D8-1959F1964F67}.Debug|x86.Build.0 = Debug|Any CPU
		{4E791AA7-14C0-4487-87D8-1959F1964F67}.Release|Any CPU.ActiveCfg = Release|Any CPU
		{4E791AA7-14C0-4487-87D8-1959F1964F67}.Release|Any CPU.Build.0 = Release|Any CPU
		{4E791AA7-14C0-4487-87D8-1959F1964F67}.Release|x64.ActiveCfg = Release|Any CPU
		{4E791AA7-14C0-4487-87D8-1959F1964F67}.Release|x64.Build.0 = Release|Any CPU
		{4E791AA7-14C0-4487-87D8-1959F1964F67}.Release|x86.ActiveCfg = Release|Any CPU
		{4E791AA7-14C0-4487-87D8-1959F1964F67}.Release|x86.Build.0 = Release|Any CPU
		{41246DCA-2D67-47E0-A8E7-061E7FFCD13E}.Debug|Any CPU.ActiveCfg = Debug|Any CPU
		{41246DCA-2D67-47E0-A8E7-061E7FFCD13E}.Debug|Any CPU.Build.0 = Debug|Any CPU
		{41246DCA-2D67-47E0-A8E7-061E7FFCD13E}.Debug|x64.ActiveCfg = Debug|Any CPU
		{41246DCA-2D67-47E0-A8E7-061E7FFCD13E}.Debug|x64.Build.0 = Debug|Any CPU
		{41246DCA-2D67-47E0-A8E7-061E7FFCD13E}.Debug|x86.ActiveCfg = Debug|Any CPU
		{41246DCA-2D67-47E0-A8E7-061E7FFCD13E}.Debug|x86.Build.0 = Debug|Any CPU
		{41246DCA-2D67-47E0-A8E7-061E7FFCD13E}.Release|Any CPU.ActiveCfg = Release|Any CPU
		{41246DCA-2D67-47E0-A8E7-061E7FFCD13E}.Release|Any CPU.Build.0 = Release|Any CPU
		{41246DCA-2D67-47E0-A8E7-061E7FFCD13E}.Release|x64.ActiveCfg = Release|Any CPU
		{41246DCA-2D67-47E0-A8E7-061E7FFCD13E}.Release|x64.Build.0 = Release|Any CPU
		{41246DCA-2D67-47E0-A8E7-061E7FFCD13E}.Release|x86.ActiveCfg = Release|Any CPU
		{41246DCA-2D67-47E0-A8E7-061E7FFCD13E}.Release|x86.Build.0 = Release|Any CPU
		{F95D816C-6D98-4957-A5EE-EA8ED7B714E8}.Debug|Any CPU.ActiveCfg = Debug|Any CPU
		{F95D816C-6D98-4957-A5EE-EA8ED7B714E8}.Debug|Any CPU.Build.0 = Debug|Any CPU
		{F95D816C-6D98-4957-A5EE-EA8ED7B714E8}.Debug|x64.ActiveCfg = Debug|Any CPU
		{F95D816C-6D98-4957-A5EE-EA8ED7B714E8}.Debug|x64.Build.0 = Debug|Any CPU
		{F95D816C-6D98-4957-A5EE-EA8ED7B714E8}.Debug|x86.ActiveCfg = Debug|Any CPU
		{F95D816C-6D98-4957-A5EE-EA8ED7B714E8}.Debug|x86.Build.0 = Debug|Any CPU
		{F95D816C-6D98-4957-A5EE-EA8ED7B714E8}.Release|Any CPU.ActiveCfg = Release|Any CPU
		{F95D816C-6D98-4957-A5EE-EA8ED7B714E8}.Release|Any CPU.Build.0 = Release|Any CPU
		{F95D816C-6D98-4957-A5EE-EA8ED7B714E8}.Release|x64.ActiveCfg = Release|Any CPU
		{F95D816C-6D98-4957-A5EE-EA8ED7B714E8}.Release|x64.Build.0 = Release|Any CPU
		{F95D816C-6D98-4957-A5EE-EA8ED7B714E8}.Release|x86.ActiveCfg = Release|Any CPU
		{F95D816C-6D98-4957-A5EE-EA8ED7B714E8}.Release|x86.Build.0 = Release|Any CPU
		{F19AEE86-2FA2-4879-AD97-B6289F0A2934}.Debug|Any CPU.ActiveCfg = Debug|Any CPU
		{F19AEE86-2FA2-4879-AD97-B6289F0A2934}.Debug|Any CPU.Build.0 = Debug|Any CPU
		{F19AEE86-2FA2-4879-AD97-B6289F0A2934}.Debug|x64.ActiveCfg = Debug|Any CPU
		{F19AEE86-2FA2-4879-AD97-B6289F0A2934}.Debug|x64.Build.0 = Debug|Any CPU
		{F19AEE86-2FA2-4879-AD97-B6289F0A2934}.Debug|x86.ActiveCfg = Debug|Any CPU
		{F19AEE86-2FA2-4879-AD97-B6289F0A2934}.Debug|x86.Build.0 = Debug|Any CPU
		{F19AEE86-2FA2-4879-AD97-B6289F0A2934}.Release|Any CPU.ActiveCfg = Release|Any CPU
		{F19AEE86-2FA2-4879-AD97-B6289F0A2934}.Release|Any CPU.Build.0 = Release|Any CPU
		{F19AEE86-2FA2-4879-AD97-B6289F0A2934}.Release|x64.ActiveCfg = Release|Any CPU
		{F19AEE86-2FA2-4879-AD97-B6289F0A2934}.Release|x64.Build.0 = Release|Any CPU
		{F19AEE86-2FA2-4879-AD97-B6289F0A2934}.Release|x86.ActiveCfg = Release|Any CPU
		{F19AEE86-2FA2-4879-AD97-B6289F0A2934}.Release|x86.Build.0 = Release|Any CPU
		{250B6763-C5DA-4129-A933-84E1BBE0F505}.Debug|Any CPU.ActiveCfg = Debug|Any CPU
		{250B6763-C5DA-4129-A933-84E1BBE0F505}.Debug|Any CPU.Build.0 = Debug|Any CPU
		{250B6763-C5DA-4129-A933-84E1BBE0F505}.Debug|x64.ActiveCfg = Debug|Any CPU
		{250B6763-C5DA-4129-A933-84E1BBE0F505}.Debug|x64.Build.0 = Debug|Any CPU
		{250B6763-C5DA-4129-A933-84E1BBE0F505}.Debug|x86.ActiveCfg = Debug|Any CPU
		{250B6763-C5DA-4129-A933-84E1BBE0F505}.Debug|x86.Build.0 = Debug|Any CPU
		{250B6763-C5DA-4129-A933-84E1BBE0F505}.Release|Any CPU.ActiveCfg = Release|Any CPU
		{250B6763-C5DA-4129-A933-84E1BBE0F505}.Release|Any CPU.Build.0 = Release|Any CPU
		{250B6763-C5DA-4129-A933-84E1BBE0F505}.Release|x64.ActiveCfg = Release|Any CPU
		{250B6763-C5DA-4129-A933-84E1BBE0F505}.Release|x64.Build.0 = Release|Any CPU
		{250B6763-C5DA-4129-A933-84E1BBE0F505}.Release|x86.ActiveCfg = Release|Any CPU
		{250B6763-C5DA-4129-A933-84E1BBE0F505}.Release|x86.Build.0 = Release|Any CPU
		{4B280F15-1F8D-4DA6-8206-78A728DEE107}.Debug|Any CPU.ActiveCfg = Debug|Any CPU
		{4B280F15-1F8D-4DA6-8206-78A728DEE107}.Debug|Any CPU.Build.0 = Debug|Any CPU
		{4B280F15-1F8D-4DA6-8206-78A728DEE107}.Debug|x64.ActiveCfg = Debug|Any CPU
		{4B280F15-1F8D-4DA6-8206-78A728DEE107}.Debug|x64.Build.0 = Debug|Any CPU
		{4B280F15-1F8D-4DA6-8206-78A728DEE107}.Debug|x86.ActiveCfg = Debug|Any CPU
		{4B280F15-1F8D-4DA6-8206-78A728DEE107}.Debug|x86.Build.0 = Debug|Any CPU
		{4B280F15-1F8D-4DA6-8206-78A728DEE107}.Release|Any CPU.ActiveCfg = Release|Any CPU
		{4B280F15-1F8D-4DA6-8206-78A728DEE107}.Release|Any CPU.Build.0 = Release|Any CPU
		{4B280F15-1F8D-4DA6-8206-78A728DEE107}.Release|x64.ActiveCfg = Release|Any CPU
		{4B280F15-1F8D-4DA6-8206-78A728DEE107}.Release|x64.Build.0 = Release|Any CPU
		{4B280F15-1F8D-4DA6-8206-78A728DEE107}.Release|x86.ActiveCfg = Release|Any CPU
		{4B280F15-1F8D-4DA6-8206-78A728DEE107}.Release|x86.Build.0 = Release|Any CPU
		{E6BB7145-F492-40BC-A6DD-84C32FF56CFF}.Debug|Any CPU.ActiveCfg = Debug|Any CPU
		{E6BB7145-F492-40BC-A6DD-84C32FF56CFF}.Debug|Any CPU.Build.0 = Debug|Any CPU
		{E6BB7145-F492-40BC-A6DD-84C32FF56CFF}.Debug|x64.ActiveCfg = Debug|Any CPU
		{E6BB7145-F492-40BC-A6DD-84C32FF56CFF}.Debug|x64.Build.0 = Debug|Any CPU
		{E6BB7145-F492-40BC-A6DD-84C32FF56CFF}.Debug|x86.ActiveCfg = Debug|Any CPU
		{E6BB7145-F492-40BC-A6DD-84C32FF56CFF}.Debug|x86.Build.0 = Debug|Any CPU
		{E6BB7145-F492-40BC-A6DD-84C32FF56CFF}.Release|Any CPU.ActiveCfg = Release|Any CPU
		{E6BB7145-F492-40BC-A6DD-84C32FF56CFF}.Release|Any CPU.Build.0 = Release|Any CPU
		{E6BB7145-F492-40BC-A6DD-84C32FF56CFF}.Release|x64.ActiveCfg = Release|Any CPU
		{E6BB7145-F492-40BC-A6DD-84C32FF56CFF}.Release|x64.Build.0 = Release|Any CPU
		{E6BB7145-F492-40BC-A6DD-84C32FF56CFF}.Release|x86.ActiveCfg = Release|Any CPU
		{E6BB7145-F492-40BC-A6DD-84C32FF56CFF}.Release|x86.Build.0 = Release|Any CPU
		{4C4A4BAD-91D3-4CD3-A42E-3792149B2ABC}.Debug|Any CPU.ActiveCfg = Debug|Any CPU
		{4C4A4BAD-91D3-4CD3-A42E-3792149B2ABC}.Debug|Any CPU.Build.0 = Debug|Any CPU
		{4C4A4BAD-91D3-4CD3-A42E-3792149B2ABC}.Debug|x64.ActiveCfg = Debug|Any CPU
		{4C4A4BAD-91D3-4CD3-A42E-3792149B2ABC}.Debug|x64.Build.0 = Debug|Any CPU
		{4C4A4BAD-91D3-4CD3-A42E-3792149B2ABC}.Debug|x86.ActiveCfg = Debug|Any CPU
		{4C4A4BAD-91D3-4CD3-A42E-3792149B2ABC}.Debug|x86.Build.0 = Debug|Any CPU
		{4C4A4BAD-91D3-4CD3-A42E-3792149B2ABC}.Release|Any CPU.ActiveCfg = Release|Any CPU
		{4C4A4BAD-91D3-4CD3-A42E-3792149B2ABC}.Release|Any CPU.Build.0 = Release|Any CPU
		{4C4A4BAD-91D3-4CD3-A42E-3792149B2ABC}.Release|x64.ActiveCfg = Release|Any CPU
		{4C4A4BAD-91D3-4CD3-A42E-3792149B2ABC}.Release|x64.Build.0 = Release|Any CPU
		{4C4A4BAD-91D3-4CD3-A42E-3792149B2ABC}.Release|x86.ActiveCfg = Release|Any CPU
		{4C4A4BAD-91D3-4CD3-A42E-3792149B2ABC}.Release|x86.Build.0 = Release|Any CPU
		{56123B1E-16E6-4436-A27E-456C6BB46055}.Debug|Any CPU.ActiveCfg = Debug|Any CPU
		{56123B1E-16E6-4436-A27E-456C6BB46055}.Debug|Any CPU.Build.0 = Debug|Any CPU
		{56123B1E-16E6-4436-A27E-456C6BB46055}.Debug|x64.ActiveCfg = Debug|Any CPU
		{56123B1E-16E6-4436-A27E-456C6BB46055}.Debug|x64.Build.0 = Debug|Any CPU
		{56123B1E-16E6-4436-A27E-456C6BB46055}.Debug|x86.ActiveCfg = Debug|Any CPU
		{56123B1E-16E6-4436-A27E-456C6BB46055}.Debug|x86.Build.0 = Debug|Any CPU
		{56123B1E-16E6-4436-A27E-456C6BB46055}.Release|Any CPU.ActiveCfg = Release|Any CPU
		{56123B1E-16E6-4436-A27E-456C6BB46055}.Release|Any CPU.Build.0 = Release|Any CPU
		{56123B1E-16E6-4436-A27E-456C6BB46055}.Release|x64.ActiveCfg = Release|Any CPU
		{56123B1E-16E6-4436-A27E-456C6BB46055}.Release|x64.Build.0 = Release|Any CPU
		{56123B1E-16E6-4436-A27E-456C6BB46055}.Release|x86.ActiveCfg = Release|Any CPU
		{56123B1E-16E6-4436-A27E-456C6BB46055}.Release|x86.Build.0 = Release|Any CPU
		{A6DD7A8D-0712-44A3-A5E0-E778A8702C64}.Debug|Any CPU.ActiveCfg = Debug|Any CPU
		{A6DD7A8D-0712-44A3-A5E0-E778A8702C64}.Debug|Any CPU.Build.0 = Debug|Any CPU
		{A6DD7A8D-0712-44A3-A5E0-E778A8702C64}.Debug|x64.ActiveCfg = Debug|Any CPU
		{A6DD7A8D-0712-44A3-A5E0-E778A8702C64}.Debug|x64.Build.0 = Debug|Any CPU
		{A6DD7A8D-0712-44A3-A5E0-E778A8702C64}.Debug|x86.ActiveCfg = Debug|Any CPU
		{A6DD7A8D-0712-44A3-A5E0-E778A8702C64}.Debug|x86.Build.0 = Debug|Any CPU
		{A6DD7A8D-0712-44A3-A5E0-E778A8702C64}.Release|Any CPU.ActiveCfg = Release|Any CPU
		{A6DD7A8D-0712-44A3-A5E0-E778A8702C64}.Release|Any CPU.Build.0 = Release|Any CPU
		{A6DD7A8D-0712-44A3-A5E0-E778A8702C64}.Release|x64.ActiveCfg = Release|Any CPU
		{A6DD7A8D-0712-44A3-A5E0-E778A8702C64}.Release|x64.Build.0 = Release|Any CPU
		{A6DD7A8D-0712-44A3-A5E0-E778A8702C64}.Release|x86.ActiveCfg = Release|Any CPU
		{A6DD7A8D-0712-44A3-A5E0-E778A8702C64}.Release|x86.Build.0 = Release|Any CPU
		{43FE241F-D96C-4CBB-8831-8290BB257B6C}.Debug|Any CPU.ActiveCfg = Debug|Any CPU
		{43FE241F-D96C-4CBB-8831-8290BB257B6C}.Debug|Any CPU.Build.0 = Debug|Any CPU
		{43FE241F-D96C-4CBB-8831-8290BB257B6C}.Debug|x64.ActiveCfg = Debug|Any CPU
		{43FE241F-D96C-4CBB-8831-8290BB257B6C}.Debug|x64.Build.0 = Debug|Any CPU
		{43FE241F-D96C-4CBB-8831-8290BB257B6C}.Debug|x86.ActiveCfg = Debug|Any CPU
		{43FE241F-D96C-4CBB-8831-8290BB257B6C}.Debug|x86.Build.0 = Debug|Any CPU
		{43FE241F-D96C-4CBB-8831-8290BB257B6C}.Release|Any CPU.ActiveCfg = Release|Any CPU
		{43FE241F-D96C-4CBB-8831-8290BB257B6C}.Release|Any CPU.Build.0 = Release|Any CPU
		{43FE241F-D96C-4CBB-8831-8290BB257B6C}.Release|x64.ActiveCfg = Release|Any CPU
		{43FE241F-D96C-4CBB-8831-8290BB257B6C}.Release|x64.Build.0 = Release|Any CPU
		{43FE241F-D96C-4CBB-8831-8290BB257B6C}.Release|x86.ActiveCfg = Release|Any CPU
		{43FE241F-D96C-4CBB-8831-8290BB257B6C}.Release|x86.Build.0 = Release|Any CPU
		{2BCD3DFA-3B6C-4FD2-B848-3C867103ECF7}.Debug|Any CPU.ActiveCfg = Debug|Any CPU
		{2BCD3DFA-3B6C-4FD2-B848-3C867103ECF7}.Debug|Any CPU.Build.0 = Debug|Any CPU
		{2BCD3DFA-3B6C-4FD2-B848-3C867103ECF7}.Debug|x64.ActiveCfg = Debug|Any CPU
		{2BCD3DFA-3B6C-4FD2-B848-3C867103ECF7}.Debug|x64.Build.0 = Debug|Any CPU
		{2BCD3DFA-3B6C-4FD2-B848-3C867103ECF7}.Debug|x86.ActiveCfg = Debug|Any CPU
		{2BCD3DFA-3B6C-4FD2-B848-3C867103ECF7}.Debug|x86.Build.0 = Debug|Any CPU
		{2BCD3DFA-3B6C-4FD2-B848-3C867103ECF7}.Release|Any CPU.ActiveCfg = Release|Any CPU
		{2BCD3DFA-3B6C-4FD2-B848-3C867103ECF7}.Release|Any CPU.Build.0 = Release|Any CPU
		{2BCD3DFA-3B6C-4FD2-B848-3C867103ECF7}.Release|x64.ActiveCfg = Release|Any CPU
		{2BCD3DFA-3B6C-4FD2-B848-3C867103ECF7}.Release|x64.Build.0 = Release|Any CPU
		{2BCD3DFA-3B6C-4FD2-B848-3C867103ECF7}.Release|x86.ActiveCfg = Release|Any CPU
		{2BCD3DFA-3B6C-4FD2-B848-3C867103ECF7}.Release|x86.Build.0 = Release|Any CPU
		{69EEE18E-D4C3-43AC-BC80-7ADCDD9B7B5E}.Debug|Any CPU.ActiveCfg = Debug|Any CPU
		{69EEE18E-D4C3-43AC-BC80-7ADCDD9B7B5E}.Debug|Any CPU.Build.0 = Debug|Any CPU
		{69EEE18E-D4C3-43AC-BC80-7ADCDD9B7B5E}.Debug|x64.ActiveCfg = Debug|Any CPU
		{69EEE18E-D4C3-43AC-BC80-7ADCDD9B7B5E}.Debug|x64.Build.0 = Debug|Any CPU
		{69EEE18E-D4C3-43AC-BC80-7ADCDD9B7B5E}.Debug|x86.ActiveCfg = Debug|Any CPU
		{69EEE18E-D4C3-43AC-BC80-7ADCDD9B7B5E}.Debug|x86.Build.0 = Debug|Any CPU
		{69EEE18E-D4C3-43AC-BC80-7ADCDD9B7B5E}.Release|Any CPU.ActiveCfg = Release|Any CPU
		{69EEE18E-D4C3-43AC-BC80-7ADCDD9B7B5E}.Release|Any CPU.Build.0 = Release|Any CPU
		{69EEE18E-D4C3-43AC-BC80-7ADCDD9B7B5E}.Release|x64.ActiveCfg = Release|Any CPU
		{69EEE18E-D4C3-43AC-BC80-7ADCDD9B7B5E}.Release|x64.Build.0 = Release|Any CPU
		{69EEE18E-D4C3-43AC-BC80-7ADCDD9B7B5E}.Release|x86.ActiveCfg = Release|Any CPU
		{69EEE18E-D4C3-43AC-BC80-7ADCDD9B7B5E}.Release|x86.Build.0 = Release|Any CPU
		{ED28BB56-490D-4347-B840-434E02913529}.Debug|Any CPU.ActiveCfg = Debug|Any CPU
		{ED28BB56-490D-4347-B840-434E02913529}.Debug|Any CPU.Build.0 = Debug|Any CPU
		{ED28BB56-490D-4347-B840-434E02913529}.Debug|x64.ActiveCfg = Debug|Any CPU
		{ED28BB56-490D-4347-B840-434E02913529}.Debug|x64.Build.0 = Debug|Any CPU
		{ED28BB56-490D-4347-B840-434E02913529}.Debug|x86.ActiveCfg = Debug|Any CPU
		{ED28BB56-490D-4347-B840-434E02913529}.Debug|x86.Build.0 = Debug|Any CPU
		{ED28BB56-490D-4347-B840-434E02913529}.Release|Any CPU.ActiveCfg = Release|Any CPU
		{ED28BB56-490D-4347-B840-434E02913529}.Release|Any CPU.Build.0 = Release|Any CPU
		{ED28BB56-490D-4347-B840-434E02913529}.Release|x64.ActiveCfg = Release|Any CPU
		{ED28BB56-490D-4347-B840-434E02913529}.Release|x64.Build.0 = Release|Any CPU
		{ED28BB56-490D-4347-B840-434E02913529}.Release|x86.ActiveCfg = Release|Any CPU
		{ED28BB56-490D-4347-B840-434E02913529}.Release|x86.Build.0 = Release|Any CPU
		{8821B627-46C9-4A1A-8BBD-F519CFE8FB78}.Debug|Any CPU.ActiveCfg = Debug|Any CPU
		{8821B627-46C9-4A1A-8BBD-F519CFE8FB78}.Debug|Any CPU.Build.0 = Debug|Any CPU
		{8821B627-46C9-4A1A-8BBD-F519CFE8FB78}.Debug|x64.ActiveCfg = Debug|Any CPU
		{8821B627-46C9-4A1A-8BBD-F519CFE8FB78}.Debug|x64.Build.0 = Debug|Any CPU
		{8821B627-46C9-4A1A-8BBD-F519CFE8FB78}.Debug|x86.ActiveCfg = Debug|Any CPU
		{8821B627-46C9-4A1A-8BBD-F519CFE8FB78}.Debug|x86.Build.0 = Debug|Any CPU
		{8821B627-46C9-4A1A-8BBD-F519CFE8FB78}.Release|Any CPU.ActiveCfg = Release|Any CPU
		{8821B627-46C9-4A1A-8BBD-F519CFE8FB78}.Release|Any CPU.Build.0 = Release|Any CPU
		{8821B627-46C9-4A1A-8BBD-F519CFE8FB78}.Release|x64.ActiveCfg = Release|Any CPU
		{8821B627-46C9-4A1A-8BBD-F519CFE8FB78}.Release|x64.Build.0 = Release|Any CPU
		{8821B627-46C9-4A1A-8BBD-F519CFE8FB78}.Release|x86.ActiveCfg = Release|Any CPU
		{8821B627-46C9-4A1A-8BBD-F519CFE8FB78}.Release|x86.Build.0 = Release|Any CPU
		{5A55A8BE-5D7E-4A9D-B28A-C0602A7C593E}.Debug|Any CPU.ActiveCfg = Debug|Any CPU
		{5A55A8BE-5D7E-4A9D-B28A-C0602A7C593E}.Debug|Any CPU.Build.0 = Debug|Any CPU
		{5A55A8BE-5D7E-4A9D-B28A-C0602A7C593E}.Debug|x64.ActiveCfg = Debug|Any CPU
		{5A55A8BE-5D7E-4A9D-B28A-C0602A7C593E}.Debug|x64.Build.0 = Debug|Any CPU
		{5A55A8BE-5D7E-4A9D-B28A-C0602A7C593E}.Debug|x86.ActiveCfg = Debug|Any CPU
		{5A55A8BE-5D7E-4A9D-B28A-C0602A7C593E}.Debug|x86.Build.0 = Debug|Any CPU
		{5A55A8BE-5D7E-4A9D-B28A-C0602A7C593E}.Release|Any CPU.ActiveCfg = Release|Any CPU
		{5A55A8BE-5D7E-4A9D-B28A-C0602A7C593E}.Release|Any CPU.Build.0 = Release|Any CPU
		{5A55A8BE-5D7E-4A9D-B28A-C0602A7C593E}.Release|x64.ActiveCfg = Release|Any CPU
		{5A55A8BE-5D7E-4A9D-B28A-C0602A7C593E}.Release|x64.Build.0 = Release|Any CPU
		{5A55A8BE-5D7E-4A9D-B28A-C0602A7C593E}.Release|x86.ActiveCfg = Release|Any CPU
		{5A55A8BE-5D7E-4A9D-B28A-C0602A7C593E}.Release|x86.Build.0 = Release|Any CPU
		{E5838AE2-0FA6-4040-A748-B2095EC8D047}.Debug|Any CPU.ActiveCfg = Debug|Any CPU
		{E5838AE2-0FA6-4040-A748-B2095EC8D047}.Debug|Any CPU.Build.0 = Debug|Any CPU
		{E5838AE2-0FA6-4040-A748-B2095EC8D047}.Debug|x64.ActiveCfg = Debug|Any CPU
		{E5838AE2-0FA6-4040-A748-B2095EC8D047}.Debug|x64.Build.0 = Debug|Any CPU
		{E5838AE2-0FA6-4040-A748-B2095EC8D047}.Debug|x86.ActiveCfg = Debug|Any CPU
		{E5838AE2-0FA6-4040-A748-B2095EC8D047}.Debug|x86.Build.0 = Debug|Any CPU
		{E5838AE2-0FA6-4040-A748-B2095EC8D047}.Release|Any CPU.ActiveCfg = Release|Any CPU
		{E5838AE2-0FA6-4040-A748-B2095EC8D047}.Release|Any CPU.Build.0 = Release|Any CPU
		{E5838AE2-0FA6-4040-A748-B2095EC8D047}.Release|x64.ActiveCfg = Release|Any CPU
		{E5838AE2-0FA6-4040-A748-B2095EC8D047}.Release|x64.Build.0 = Release|Any CPU
		{E5838AE2-0FA6-4040-A748-B2095EC8D047}.Release|x86.ActiveCfg = Release|Any CPU
		{E5838AE2-0FA6-4040-A748-B2095EC8D047}.Release|x86.Build.0 = Release|Any CPU
		{4B8CB7C2-2384-4872-9818-22B58B9A942D}.Debug|Any CPU.ActiveCfg = Debug|Any CPU
		{4B8CB7C2-2384-4872-9818-22B58B9A942D}.Debug|Any CPU.Build.0 = Debug|Any CPU
		{4B8CB7C2-2384-4872-9818-22B58B9A942D}.Debug|x64.ActiveCfg = Debug|Any CPU
		{4B8CB7C2-2384-4872-9818-22B58B9A942D}.Debug|x64.Build.0 = Debug|Any CPU
		{4B8CB7C2-2384-4872-9818-22B58B9A942D}.Debug|x86.ActiveCfg = Debug|Any CPU
		{4B8CB7C2-2384-4872-9818-22B58B9A942D}.Debug|x86.Build.0 = Debug|Any CPU
		{4B8CB7C2-2384-4872-9818-22B58B9A942D}.Release|Any CPU.ActiveCfg = Release|Any CPU
		{4B8CB7C2-2384-4872-9818-22B58B9A942D}.Release|Any CPU.Build.0 = Release|Any CPU
		{4B8CB7C2-2384-4872-9818-22B58B9A942D}.Release|x64.ActiveCfg = Release|Any CPU
		{4B8CB7C2-2384-4872-9818-22B58B9A942D}.Release|x64.Build.0 = Release|Any CPU
		{4B8CB7C2-2384-4872-9818-22B58B9A942D}.Release|x86.ActiveCfg = Release|Any CPU
		{4B8CB7C2-2384-4872-9818-22B58B9A942D}.Release|x86.Build.0 = Release|Any CPU
		{15B2B146-82AD-4BFD-B269-649A4798271D}.Debug|Any CPU.ActiveCfg = Debug|Any CPU
		{15B2B146-82AD-4BFD-B269-649A4798271D}.Debug|Any CPU.Build.0 = Debug|Any CPU
		{15B2B146-82AD-4BFD-B269-649A4798271D}.Debug|x64.ActiveCfg = Debug|Any CPU
		{15B2B146-82AD-4BFD-B269-649A4798271D}.Debug|x64.Build.0 = Debug|Any CPU
		{15B2B146-82AD-4BFD-B269-649A4798271D}.Debug|x86.ActiveCfg = Debug|Any CPU
		{15B2B146-82AD-4BFD-B269-649A4798271D}.Debug|x86.Build.0 = Debug|Any CPU
		{15B2B146-82AD-4BFD-B269-649A4798271D}.Release|Any CPU.ActiveCfg = Release|Any CPU
		{15B2B146-82AD-4BFD-B269-649A4798271D}.Release|Any CPU.Build.0 = Release|Any CPU
		{15B2B146-82AD-4BFD-B269-649A4798271D}.Release|x64.ActiveCfg = Release|Any CPU
		{15B2B146-82AD-4BFD-B269-649A4798271D}.Release|x64.Build.0 = Release|Any CPU
		{15B2B146-82AD-4BFD-B269-649A4798271D}.Release|x86.ActiveCfg = Release|Any CPU
		{15B2B146-82AD-4BFD-B269-649A4798271D}.Release|x86.Build.0 = Release|Any CPU
		{9CD32DB4-323E-4751-835A-F7E49FEE4751}.Debug|Any CPU.ActiveCfg = Debug|Any CPU
		{9CD32DB4-323E-4751-835A-F7E49FEE4751}.Debug|Any CPU.Build.0 = Debug|Any CPU
		{9CD32DB4-323E-4751-835A-F7E49FEE4751}.Debug|x64.ActiveCfg = Debug|Any CPU
		{9CD32DB4-323E-4751-835A-F7E49FEE4751}.Debug|x64.Build.0 = Debug|Any CPU
		{9CD32DB4-323E-4751-835A-F7E49FEE4751}.Debug|x86.ActiveCfg = Debug|Any CPU
		{9CD32DB4-323E-4751-835A-F7E49FEE4751}.Debug|x86.Build.0 = Debug|Any CPU
		{9CD32DB4-323E-4751-835A-F7E49FEE4751}.Release|Any CPU.ActiveCfg = Release|Any CPU
		{9CD32DB4-323E-4751-835A-F7E49FEE4751}.Release|Any CPU.Build.0 = Release|Any CPU
		{9CD32DB4-323E-4751-835A-F7E49FEE4751}.Release|x64.ActiveCfg = Release|Any CPU
		{9CD32DB4-323E-4751-835A-F7E49FEE4751}.Release|x64.Build.0 = Release|Any CPU
		{9CD32DB4-323E-4751-835A-F7E49FEE4751}.Release|x86.ActiveCfg = Release|Any CPU
		{9CD32DB4-323E-4751-835A-F7E49FEE4751}.Release|x86.Build.0 = Release|Any CPU
		{7D8B65A2-7951-4C3A-8570-A7272881DDF7}.Debug|Any CPU.ActiveCfg = Debug|Any CPU
		{7D8B65A2-7951-4C3A-8570-A7272881DDF7}.Debug|Any CPU.Build.0 = Debug|Any CPU
		{7D8B65A2-7951-4C3A-8570-A7272881DDF7}.Debug|x64.ActiveCfg = Debug|Any CPU
		{7D8B65A2-7951-4C3A-8570-A7272881DDF7}.Debug|x64.Build.0 = Debug|Any CPU
		{7D8B65A2-7951-4C3A-8570-A7272881DDF7}.Debug|x86.ActiveCfg = Debug|Any CPU
		{7D8B65A2-7951-4C3A-8570-A7272881DDF7}.Debug|x86.Build.0 = Debug|Any CPU
		{7D8B65A2-7951-4C3A-8570-A7272881DDF7}.Release|Any CPU.ActiveCfg = Release|Any CPU
		{7D8B65A2-7951-4C3A-8570-A7272881DDF7}.Release|Any CPU.Build.0 = Release|Any CPU
		{7D8B65A2-7951-4C3A-8570-A7272881DDF7}.Release|x64.ActiveCfg = Release|Any CPU
		{7D8B65A2-7951-4C3A-8570-A7272881DDF7}.Release|x64.Build.0 = Release|Any CPU
		{7D8B65A2-7951-4C3A-8570-A7272881DDF7}.Release|x86.ActiveCfg = Release|Any CPU
		{7D8B65A2-7951-4C3A-8570-A7272881DDF7}.Release|x86.Build.0 = Release|Any CPU
		{0D46F747-BC1A-4A3C-997D-02CEEB7D9125}.Debug|Any CPU.ActiveCfg = Debug|Any CPU
		{0D46F747-BC1A-4A3C-997D-02CEEB7D9125}.Debug|Any CPU.Build.0 = Debug|Any CPU
		{0D46F747-BC1A-4A3C-997D-02CEEB7D9125}.Debug|x64.ActiveCfg = Debug|Any CPU
		{0D46F747-BC1A-4A3C-997D-02CEEB7D9125}.Debug|x64.Build.0 = Debug|Any CPU
		{0D46F747-BC1A-4A3C-997D-02CEEB7D9125}.Debug|x86.ActiveCfg = Debug|Any CPU
		{0D46F747-BC1A-4A3C-997D-02CEEB7D9125}.Debug|x86.Build.0 = Debug|Any CPU
		{0D46F747-BC1A-4A3C-997D-02CEEB7D9125}.Release|Any CPU.ActiveCfg = Release|Any CPU
		{0D46F747-BC1A-4A3C-997D-02CEEB7D9125}.Release|Any CPU.Build.0 = Release|Any CPU
		{0D46F747-BC1A-4A3C-997D-02CEEB7D9125}.Release|x64.ActiveCfg = Release|Any CPU
		{0D46F747-BC1A-4A3C-997D-02CEEB7D9125}.Release|x64.Build.0 = Release|Any CPU
		{0D46F747-BC1A-4A3C-997D-02CEEB7D9125}.Release|x86.ActiveCfg = Release|Any CPU
		{0D46F747-BC1A-4A3C-997D-02CEEB7D9125}.Release|x86.Build.0 = Release|Any CPU
		{DFB1C3CD-A32B-486C-94C0-D5AE3D8ACBAF}.Debug|Any CPU.ActiveCfg = Debug|Any CPU
		{DFB1C3CD-A32B-486C-94C0-D5AE3D8ACBAF}.Debug|Any CPU.Build.0 = Debug|Any CPU
		{DFB1C3CD-A32B-486C-94C0-D5AE3D8ACBAF}.Debug|x64.ActiveCfg = Debug|Any CPU
		{DFB1C3CD-A32B-486C-94C0-D5AE3D8ACBAF}.Debug|x64.Build.0 = Debug|Any CPU
		{DFB1C3CD-A32B-486C-94C0-D5AE3D8ACBAF}.Debug|x86.ActiveCfg = Debug|Any CPU
		{DFB1C3CD-A32B-486C-94C0-D5AE3D8ACBAF}.Debug|x86.Build.0 = Debug|Any CPU
		{DFB1C3CD-A32B-486C-94C0-D5AE3D8ACBAF}.Release|Any CPU.ActiveCfg = Release|Any CPU
		{DFB1C3CD-A32B-486C-94C0-D5AE3D8ACBAF}.Release|Any CPU.Build.0 = Release|Any CPU
		{DFB1C3CD-A32B-486C-94C0-D5AE3D8ACBAF}.Release|x64.ActiveCfg = Release|Any CPU
		{DFB1C3CD-A32B-486C-94C0-D5AE3D8ACBAF}.Release|x64.Build.0 = Release|Any CPU
		{DFB1C3CD-A32B-486C-94C0-D5AE3D8ACBAF}.Release|x86.ActiveCfg = Release|Any CPU
		{DFB1C3CD-A32B-486C-94C0-D5AE3D8ACBAF}.Release|x86.Build.0 = Release|Any CPU
	EndGlobalSection
	GlobalSection(NestedProjects) = preSolution
		{419AE64A-6957-4EC0-8814-A209411B307B} = {B6A1F0AB-B1D8-4AA6-AF15-FE093304B428}
		{725D90EF-9692-415C-BD83-40BED9312B77} = {B6A1F0AB-B1D8-4AA6-AF15-FE093304B428}
		{F9B1DEAA-B524-4885-8C36-EC160F9746BB} = {B6A1F0AB-B1D8-4AA6-AF15-FE093304B428}
		{2616B8FF-FD46-4D9E-BD43-82B75ADE532C} = {B6A1F0AB-B1D8-4AA6-AF15-FE093304B428}
		{CEFC20D6-94A5-4FFC-81D9-51A3BAB83305} = {DB42F4A2-95E0-4023-A8B7-9BFDA7855C3D}
		{C8253639-3CFD-4D0F-B0D0-59F0FB5D96B4} = {DB42F4A2-95E0-4023-A8B7-9BFDA7855C3D}
		{78A9CA91-1D31-4A33-AA81-E149118A4E9E} = {DB42F4A2-95E0-4023-A8B7-9BFDA7855C3D}
		{2231D104-B1AF-48E8-B593-26962B907098} = {DB42F4A2-95E0-4023-A8B7-9BFDA7855C3D}
		{5490502E-2E41-4D9B-B247-CD467742D9DA} = {2CF7306D-63C5-4AEE-B965-47194E9F75F0}
		{74B12A35-F971-4275-8849-6F417DB31983} = {2CF7306D-63C5-4AEE-B965-47194E9F75F0}
		{659027D3-044D-4BD9-B75C-67D7947E3E57} = {95979160-503C-414E-9929-3603716AB3E4}
		{5A55A8BE-5D7E-4A9D-B28A-C0602A7C593E} = {659027D3-044D-4BD9-B75C-67D7947E3E57}
		{E5838AE2-0FA6-4040-A748-B2095EC8D047} = {659027D3-044D-4BD9-B75C-67D7947E3E57}
		{4B8CB7C2-2384-4872-9818-22B58B9A942D} = {95979160-503C-414E-9929-3603716AB3E4}
		{15B2B146-82AD-4BFD-B269-649A4798271D} = {5B52A31C-4DF1-4ACA-BB6F-D14B1139496A}
		{9CD32DB4-323E-4751-835A-F7E49FEE4751} = {5B52A31C-4DF1-4ACA-BB6F-D14B1139496A}
		{7D8B65A2-7951-4C3A-8570-A7272881DDF7} = {5B52A31C-4DF1-4ACA-BB6F-D14B1139496A}
		{0D46F747-BC1A-4A3C-997D-02CEEB7D9125} = {5B52A31C-4DF1-4ACA-BB6F-D14B1139496A}
		{DFB1C3CD-A32B-486C-94C0-D5AE3D8ACBAF} = {5B52A31C-4DF1-4ACA-BB6F-D14B1139496A}
	EndGlobalSection
EndGlobal
